
Microsoft Visual Studio Solution File, Format Version 12.00
# Visual Studio 15
VisualStudioVersion = 15.0.28307.106
MinimumVisualStudioVersion = 10.0.40219.1
Project("{FAE04EC0-301F-11D3-BF4B-00C04F79EFBC}") = "Sidebucks.API.v1", "Sidebucks.API.v1\Sidebucks.API.v1.csproj", "{5A345E7A-7443-4251-B876-BDDCD52D1497}"
EndProject
Project("{FAE04EC0-301F-11D3-BF4B-00C04F79EFBC}") = "Sidebucks.BLL.v1", "Sidebucks.BLL.v1\Sidebucks.BLL.v1.csproj", "{C6671D22-8418-4CC5-A080-7561AFD0894E}"
EndProject
Project("{FAE04EC0-301F-11D3-BF4B-00C04F79EFBC}") = "Sidebucks.DAL.v1", "Sidebucks.DAL.v1\Sidebucks.DAL.v1.csproj", "{26339CAE-130D-45D1-B684-A4A8B91A410F}"
EndProject
Global
	GlobalSection(SolutionConfigurationPlatforms) = preSolution
		Debug|Any CPU = Debug|Any CPU
		Release|Any CPU = Release|Any CPU
	EndGlobalSection
	GlobalSection(ProjectConfigurationPlatforms) = postSolution
		{5A345E7A-7443-4251-B876-BDDCD52D1497}.Debug|Any CPU.ActiveCfg = Debug|Any CPU
		{5A345E7A-7443-4251-B876-BDDCD52D1497}.Debug|Any CPU.Build.0 = Debug|Any CPU
		{5A345E7A-7443-4251-B876-BDDCD52D1497}.Release|Any CPU.ActiveCfg = Release|Any CPU
		{5A345E7A-7443-4251-B876-BDDCD52D1497}.Release|Any CPU.Build.0 = Release|Any CPU
		{C6671D22-8418-4CC5-A080-7561AFD0894E}.Debug|Any CPU.ActiveCfg = Debug|Any CPU
		{C6671D22-8418-4CC5-A080-7561AFD0894E}.Debug|Any CPU.Build.0 = Debug|Any CPU
		{C6671D22-8418-4CC5-A080-7561AFD0894E}.Release|Any CPU.ActiveCfg = Release|Any CPU
		{C6671D22-8418-4CC5-A080-7561AFD0894E}.Release|Any CPU.Build.0 = Release|Any CPU
		{26339CAE-130D-45D1-B684-A4A8B91A410F}.Debug|Any CPU.ActiveCfg = Debug|Any CPU
		{26339CAE-130D-45D1-B684-A4A8B91A410F}.Debug|Any CPU.Build.0 = Debug|Any CPU
		{26339CAE-130D-45D1-B684-A4A8B91A410F}.Release|Any CPU.ActiveCfg = Release|Any CPU
		{26339CAE-130D-45D1-B684-A4A8B91A410F}.Release|Any CPU.Build.0 = Release|Any CPU
	EndGlobalSection
	GlobalSection(SolutionProperties) = preSolution
		HideSolutionNode = FALSE
	EndGlobalSection
	GlobalSection(ExtensibilityGlobals) = postSolution
		SolutionGuid = {1F2A590B-0885-4C95-85D0-E413AD5BA091}
	EndGlobalSection
EndGlobal
